// !$*UTF8*$!
{
	archiveVersion = 1;
	classes = {
	};
	objectVersion = 48;
	objects = {

/* Begin PBXBuildFile section */
		F53DB8A21FD5D82D00A09C10 /* UNServices.swift in Sources */ = {isa = PBXBuildFile; fileRef = F53DB8A11FD5D82D00A09C10 /* UNServices.swift */; };
		F53DB8A41FD5D85E00A09C10 /* AlertService.swift in Sources */ = {isa = PBXBuildFile; fileRef = F53DB8A31FD5D85E00A09C10 /* AlertService.swift */; };
		F53DB8A61FD5D88400A09C10 /* Product.swift in Sources */ = {isa = PBXBuildFile; fileRef = F53DB8A51FD5D88400A09C10 /* Product.swift */; };
		F53DB8AA1FD5DA8600A09C10 /* ProductCell.swift in Sources */ = {isa = PBXBuildFile; fileRef = F53DB8A91FD5DA8600A09C10 /* ProductCell.swift */; };
		F5C9C8C11FD46E7D009F7FB0 /* AppDelegate.swift in Sources */ = {isa = PBXBuildFile; fileRef = F5C9C8C01FD46E7D009F7FB0 /* AppDelegate.swift */; };
		F5C9C8C31FD46E7D009F7FB0 /* ViewController.swift in Sources */ = {isa = PBXBuildFile; fileRef = F5C9C8C21FD46E7D009F7FB0 /* ViewController.swift */; };
		F5C9C8C61FD46E7D009F7FB0 /* Main.storyboard in Resources */ = {isa = PBXBuildFile; fileRef = F5C9C8C41FD46E7D009F7FB0 /* Main.storyboard */; };
		F5C9C8C81FD46E7D009F7FB0 /* Assets.xcassets in Resources */ = {isa = PBXBuildFile; fileRef = F5C9C8C71FD46E7D009F7FB0 /* Assets.xcassets */; };
		F5C9C8CB1FD46E7D009F7FB0 /* LaunchScreen.storyboard in Resources */ = {isa = PBXBuildFile; fileRef = F5C9C8C91FD46E7D009F7FB0 /* LaunchScreen.storyboard */; };
		F5C9C8D61FD46E7D009F7FB0 /* firebasepushnotificationTests.swift in Sources */ = {isa = PBXBuildFile; fileRef = F5C9C8D51FD46E7D009F7FB0 /* firebasepushnotificationTests.swift */; };
/* End PBXBuildFile section */

/* Begin PBXContainerItemProxy section */
		F5C9C8D21FD46E7D009F7FB0 /* PBXContainerItemProxy */ = {
			isa = PBXContainerItemProxy;
			containerPortal = F5C9C8B51FD46E7D009F7FB0 /* Project object */;
			proxyType = 1;
			remoteGlobalIDString = F5C9C8BC1FD46E7D009F7FB0;
			remoteInfo = firebasepushnotification;
		};
/* End PBXContainerItemProxy section */

/* Begin PBXFileReference section */
		F53DB8A11FD5D82D00A09C10 /* UNServices.swift */ = {isa = PBXFileReference; lastKnownFileType = sourcecode.swift; path = UNServices.swift; sourceTree = "<group>"; };
		F53DB8A31FD5D85E00A09C10 /* AlertService.swift */ = {isa = PBXFileReference; lastKnownFileType = sourcecode.swift; path = AlertService.swift; sourceTree = "<group>"; };
		F53DB8A51FD5D88400A09C10 /* Product.swift */ = {isa = PBXFileReference; lastKnownFileType = sourcecode.swift; path = Product.swift; sourceTree = "<group>"; };
		F53DB8A91FD5DA8600A09C10 /* ProductCell.swift */ = {isa = PBXFileReference; lastKnownFileType = sourcecode.swift; path = ProductCell.swift; sourceTree = "<group>"; };
		F5C9C8BD1FD46E7D009F7FB0 /* firebasepushnotification.app */ = {isa = PBXFileReference; explicitFileType = wrapper.application; includeInIndex = 0; path = firebasepushnotification.app; sourceTree = BUILT_PRODUCTS_DIR; };
		F5C9C8C01FD46E7D009F7FB0 /* AppDelegate.swift */ = {isa = PBXFileReference; lastKnownFileType = sourcecode.swift; path = AppDelegate.swift; sourceTree = "<group>"; };
		F5C9C8C21FD46E7D009F7FB0 /* ViewController.swift */ = {isa = PBXFileReference; lastKnownFileType = sourcecode.swift; path = ViewController.swift; sourceTree = "<group>"; };
		F5C9C8C51FD46E7D009F7FB0 /* Base */ = {isa = PBXFileReference; lastKnownFileType = file.storyboard; name = Base; path = Base.lproj/Main.storyboard; sourceTree = "<group>"; };
		F5C9C8C71FD46E7D009F7FB0 /* Assets.xcassets */ = {isa = PBXFileReference; lastKnownFileType = folder.assetcatalog; path = Assets.xcassets; sourceTree = "<group>"; };
		F5C9C8CA1FD46E7D009F7FB0 /* Base */ = {isa = PBXFileReference; lastKnownFileType = file.storyboard; name = Base; path = Base.lproj/LaunchScreen.storyboard; sourceTree = "<group>"; };
		F5C9C8CC1FD46E7D009F7FB0 /* Info.plist */ = {isa = PBXFileReference; lastKnownFileType = text.plist.xml; path = Info.plist; sourceTree = "<group>"; };
		F5C9C8D11FD46E7D009F7FB0 /* firebasepushnotificationTests.xctest */ = {isa = PBXFileReference; explicitFileType = wrapper.cfbundle; includeInIndex = 0; path = firebasepushnotificationTests.xctest; sourceTree = BUILT_PRODUCTS_DIR; };
		F5C9C8D51FD46E7D009F7FB0 /* firebasepushnotificationTests.swift */ = {isa = PBXFileReference; lastKnownFileType = sourcecode.swift; path = firebasepushnotificationTests.swift; sourceTree = "<group>"; };
		F5C9C8D71FD46E7D009F7FB0 /* Info.plist */ = {isa = PBXFileReference; lastKnownFileType = text.plist.xml; path = Info.plist; sourceTree = "<group>"; };
/* End PBXFileReference section */

/* Begin PBXFrameworksBuildPhase section */
		F5C9C8BA1FD46E7D009F7FB0 /* Frameworks */ = {
			isa = PBXFrameworksBuildPhase;
			buildActionMask = 2147483647;
			files = (
			);
			runOnlyForDeploymentPostprocessing = 0;
		};
		F5C9C8CE1FD46E7D009F7FB0 /* Frameworks */ = {
			isa = PBXFrameworksBuildPhase;
			buildActionMask = 2147483647;
			files = (
			);
			runOnlyForDeploymentPostprocessing = 0;
		};
/* End PBXFrameworksBuildPhase section */

/* Begin PBXGroup section */
		F53DB89D1FD5D7A600A09C10 /* Model */ = {
			isa = PBXGroup;
			children = (
				F53DB8A51FD5D88400A09C10 /* Product.swift */,
			);
			path = Model;
			sourceTree = "<group>";
		};
		F53DB89E1FD5D7B800A09C10 /* View */ = {
			isa = PBXGroup;
			children = (
				F53DB8A91FD5DA8600A09C10 /* ProductCell.swift */,
			);
			path = View;
			sourceTree = "<group>";
		};
		F53DB89F1FD5D7C100A09C10 /* Controller */ = {
			isa = PBXGroup;
			children = (
				F5C9C8C21FD46E7D009F7FB0 /* ViewController.swift */,
			);
			path = Controller;
			sourceTree = "<group>";
		};
		F53DB8A01FD5D7C800A09C10 /* Services */ = {
			isa = PBXGroup;
			children = (
				F53DB8A11FD5D82D00A09C10 /* UNServices.swift */,
				F53DB8A31FD5D85E00A09C10 /* AlertService.swift */,
			);
			path = Services;
			sourceTree = "<group>";
		};
		F5C9C8B41FD46E7D009F7FB0 = {
			isa = PBXGroup;
			children = (
				F5C9C8BF1FD46E7D009F7FB0 /* firebasepushnotification */,
				F5C9C8D41FD46E7D009F7FB0 /* firebasepushnotificationTests */,
				F5C9C8BE1FD46E7D009F7FB0 /* Products */,
			);
			sourceTree = "<group>";
		};
		F5C9C8BE1FD46E7D009F7FB0 /* Products */ = {
			isa = PBXGroup;
			children = (
				F5C9C8BD1FD46E7D009F7FB0 /* firebasepushnotification.app */,
				F5C9C8D11FD46E7D009F7FB0 /* firebasepushnotificationTests.xctest */,
			);
			name = Products;
			sourceTree = "<group>";
		};
		F5C9C8BF1FD46E7D009F7FB0 /* firebasepushnotification */ = {
			isa = PBXGroup;
			children = (
				F53DB8A01FD5D7C800A09C10 /* Services */,
				F53DB89D1FD5D7A600A09C10 /* Model */,
				F53DB89E1FD5D7B800A09C10 /* View */,
				F53DB89F1FD5D7C100A09C10 /* Controller */,
				F5C9C8C01FD46E7D009F7FB0 /* AppDelegate.swift */,
				F5C9C8C41FD46E7D009F7FB0 /* Main.storyboard */,
				F5C9C8C71FD46E7D009F7FB0 /* Assets.xcassets */,
				F5C9C8C91FD46E7D009F7FB0 /* LaunchScreen.storyboard */,
				F5C9C8CC1FD46E7D009F7FB0 /* Info.plist */,
			);
			path = firebasepushnotification;
			sourceTree = "<group>";
		};
		F5C9C8D41FD46E7D009F7FB0 /* firebasepushnotificationTests */ = {
			isa = PBXGroup;
			children = (
				F5C9C8D51FD46E7D009F7FB0 /* firebasepushnotificationTests.swift */,
				F5C9C8D71FD46E7D009F7FB0 /* Info.plist */,
			);
			path = firebasepushnotificationTests;
			sourceTree = "<group>";
		};
/* End PBXGroup section */

/* Begin PBXNativeTarget section */
		F5C9C8BC1FD46E7D009F7FB0 /* firebasepushnotification */ = {
			isa = PBXNativeTarget;
			buildConfigurationList = F5C9C8DA1FD46E7D009F7FB0 /* Build configuration list for PBXNativeTarget "firebasepushnotification" */;
			buildPhases = (
				F5C9C8B91FD46E7D009F7FB0 /* Sources */,
				F5C9C8BA1FD46E7D009F7FB0 /* Frameworks */,
				F5C9C8BB1FD46E7D009F7FB0 /* Resources */,
			);
			buildRules = (
			);
			dependencies = (
			);
			name = firebasepushnotification;
			productName = firebasepushnotification;
			productReference = F5C9C8BD1FD46E7D009F7FB0 /* firebasepushnotification.app */;
			productType = "com.apple.product-type.application";
		};
		F5C9C8D01FD46E7D009F7FB0 /* firebasepushnotificationTests */ = {
			isa = PBXNativeTarget;
			buildConfigurationList = F5C9C8DD1FD46E7D009F7FB0 /* Build configuration list for PBXNativeTarget "firebasepushnotificationTests" */;
			buildPhases = (
				F5C9C8CD1FD46E7D009F7FB0 /* Sources */,
				F5C9C8CE1FD46E7D009F7FB0 /* Frameworks */,
				F5C9C8CF1FD46E7D009F7FB0 /* Resources */,
			);
			buildRules = (
			);
			dependencies = (
				F5C9C8D31FD46E7D009F7FB0 /* PBXTargetDependency */,
			);
			name = firebasepushnotificationTests;
			productName = firebasepushnotificationTests;
			productReference = F5C9C8D11FD46E7D009F7FB0 /* firebasepushnotificationTests.xctest */;
			productType = "com.apple.product-type.bundle.unit-test";
		};
/* End PBXNativeTarget section */

/* Begin PBXProject section */
		F5C9C8B51FD46E7D009F7FB0 /* Project object */ = {
			isa = PBXProject;
			attributes = {
				LastSwiftUpdateCheck = 0910;
				LastUpgradeCheck = 0910;
				ORGANIZATIONNAME = NeonatCore;
				TargetAttributes = {
					F5C9C8BC1FD46E7D009F7FB0 = {
						CreatedOnToolsVersion = 9.1;
						ProvisioningStyle = Automatic;
					};
					F5C9C8D01FD46E7D009F7FB0 = {
						CreatedOnToolsVersion = 9.1;
						ProvisioningStyle = Automatic;
						TestTargetID = F5C9C8BC1FD46E7D009F7FB0;
					};
				};
			};
			buildConfigurationList = F5C9C8B81FD46E7D009F7FB0 /* Build configuration list for PBXProject "firebasepushnotification" */;
			compatibilityVersion = "Xcode 8.0";
			developmentRegion = en;
			hasScannedForEncodings = 0;
			knownRegions = (
				en,
				Base,
			);
			mainGroup = F5C9C8B41FD46E7D009F7FB0;
			productRefGroup = F5C9C8BE1FD46E7D009F7FB0 /* Products */;
			projectDirPath = "";
			projectRoot = "";
			targets = (
				F5C9C8BC1FD46E7D009F7FB0 /* firebasepushnotification */,
				F5C9C8D01FD46E7D009F7FB0 /* firebasepushnotificationTests */,
			);
		};
/* End PBXProject section */

/* Begin PBXResourcesBuildPhase section */
		F5C9C8BB1FD46E7D009F7FB0 /* Resources */ = {
			isa = PBXResourcesBuildPhase;
			buildActionMask = 2147483647;
			files = (
				F5C9C8CB1FD46E7D009F7FB0 /* LaunchScreen.storyboard in Resources */,
				F5C9C8C81FD46E7D009F7FB0 /* Assets.xcassets in Resources */,
				F5C9C8C61FD46E7D009F7FB0 /* Main.storyboard in Resources */,
			);
			runOnlyForDeploymentPostprocessing = 0;
		};
		F5C9C8CF1FD46E7D009F7FB0 /* Resources */ = {
			isa = PBXResourcesBuildPhase;
			buildActionMask = 2147483647;
			files = (
			);
			runOnlyForDeploymentPostprocessing = 0;
		};
/* End PBXResourcesBuildPhase section */

/* Begin PBXSourcesBuildPhase section */
		F5C9C8B91FD46E7D009F7FB0 /* Sources */ = {
			isa = PBXSourcesBuildPhase;
			buildActionMask = 2147483647;
			files = (
				F5C9C8C31FD46E7D009F7FB0 /* ViewController.swift in Sources */,
				F53DB8A21FD5D82D00A09C10 /* UNServices.swift in Sources */,
				F53DB8A61FD5D88400A09C10 /* Product.swift in Sources */,
				F53DB8AA1FD5DA8600A09C10 /* ProductCell.swift in Sources */,
				F53DB8A41FD5D85E00A09C10 /* AlertService.swift in Sources */,
				F5C9C8C11FD46E7D009F7FB0 /* AppDelegate.swift in Sources */,
			);
			runOnlyForDeploymentPostprocessing = 0;
		};
		F5C9C8CD1FD46E7D009F7FB0 /* Sources */ = {
			isa = PBXSourcesBuildPhase;
			buildActionMask = 2147483647;
			files = (
				F5C9C8D61FD46E7D009F7FB0 /* firebasepushnotificationTests.swift in Sources */,
			);
			runOnlyForDeploymentPostprocessing = 0;
		};
/* End PBXSourcesBuildPhase section */

/* Begin PBXTargetDependency section */
		F5C9C8D31FD46E7D009F7FB0 /* PBXTargetDependency */ = {
			isa = PBXTargetDependency;
			target = F5C9C8BC1FD46E7D009F7FB0 /* firebasepushnotification */;
			targetProxy = F5C9C8D21FD46E7D009F7FB0 /* PBXContainerItemProxy */;
		};
/* End PBXTargetDependency section */

/* Begin PBXVariantGroup section */
		F5C9C8C41FD46E7D009F7FB0 /* Main.storyboard */ = {
			isa = PBXVariantGroup;
			children = (
				F5C9C8C51FD46E7D009F7FB0 /* Base */,
			);
			name = Main.storyboard;
			sourceTree = "<group>";
		};
		F5C9C8C91FD46E7D009F7FB0 /* LaunchScreen.storyboard */ = {
			isa = PBXVariantGroup;
			children = (
				F5C9C8CA1FD46E7D009F7FB0 /* Base */,
			);
			name = LaunchScreen.storyboard;
			sourceTree = "<group>";
		};
/* End PBXVariantGroup section */

/* Begin XCBuildConfiguration section */
		F5C9C8D81FD46E7D009F7FB0 /* Debug */ = {
			isa = XCBuildConfiguration;
			buildSettings = {
				ALWAYS_SEARCH_USER_PATHS = NO;
				CLANG_ANALYZER_NONNULL = YES;
				CLANG_ANALYZER_NUMBER_OBJECT_CONVERSION = YES_AGGRESSIVE;
				CLANG_CXX_LANGUAGE_STANDARD = "gnu++14";
				CLANG_CXX_LIBRARY = "libc++";
				CLANG_ENABLE_MODULES = YES;
				CLANG_ENABLE_OBJC_ARC = YES;
				CLANG_WARN_BLOCK_CAPTURE_AUTORELEASING = YES;
				CLANG_WARN_BOOL_CONVERSION = YES;
				CLANG_WARN_COMMA = YES;
				CLANG_WARN_CONSTANT_CONVERSION = YES;
				CLANG_WARN_DIRECT_OBJC_ISA_USAGE = YES_ERROR;
				CLANG_WARN_DOCUMENTATION_COMMENTS = YES;
				CLANG_WARN_EMPTY_BODY = YES;
				CLANG_WARN_ENUM_CONVERSION = YES;
				CLANG_WARN_INFINITE_RECURSION = YES;
				CLANG_WARN_INT_CONVERSION = YES;
				CLANG_WARN_NON_LITERAL_NULL_CONVERSION = YES;
				CLANG_WARN_OBJC_LITERAL_CONVERSION = YES;
				CLANG_WARN_OBJC_ROOT_CLASS = YES_ERROR;
				CLANG_WARN_RANGE_LOOP_ANALYSIS = YES;
				CLANG_WARN_STRICT_PROTOTYPES = YES;
				CLANG_WARN_SUSPICIOUS_MOVE = YES;
				CLANG_WARN_UNGUARDED_AVAILABILITY = YES_AGGRESSIVE;
				CLANG_WARN_UNREACHABLE_CODE = YES;
				CLANG_WARN__DUPLICATE_METHOD_MATCH = YES;
				CODE_SIGN_IDENTITY = "iPhone Developer";
				COPY_PHASE_STRIP = NO;
				DEBUG_INFORMATION_FORMAT = dwarf;
				ENABLE_STRICT_OBJC_MSGSEND = YES;
				ENABLE_TESTABILITY = YES;
				GCC_C_LANGUAGE_STANDARD = gnu11;
				GCC_DYNAMIC_NO_PIC = NO;
				GCC_NO_COMMON_BLOCKS = YES;
				GCC_OPTIMIZATION_LEVEL = 0;
				GCC_PREPROCESSOR_DEFINITIONS = (
					"DEBUG=1",
					"$(inherited)",
				);
				GCC_WARN_64_TO_32_BIT_CONVERSION = YES;
				GCC_WARN_ABOUT_RETURN_TYPE = YES_ERROR;
				GCC_WARN_UNDECLARED_SELECTOR = YES;
				GCC_WARN_UNINITIALIZED_AUTOS = YES_AGGRESSIVE;
				GCC_WARN_UNUSED_FUNCTION = YES;
				GCC_WARN_UNUSED_VARIABLE = YES;
				IPHONEOS_DEPLOYMENT_TARGET = 11.1;
				MTL_ENABLE_DEBUG_INFO = YES;
				ONLY_ACTIVE_ARCH = YES;
				SDKROOT = iphoneos;
				SWIFT_ACTIVE_COMPILATION_CONDITIONS = DEBUG;
				SWIFT_OPTIMIZATION_LEVEL = "-Onone";
			};
			name = Debug;
		};
		F5C9C8D91FD46E7D009F7FB0 /* Release */ = {
			isa = XCBuildConfiguration;
			buildSettings = {
				ALWAYS_SEARCH_USER_PATHS = NO;
				CLANG_ANALYZER_NONNULL = YES;
				CLANG_ANALYZER_NUMBER_OBJECT_CONVERSION = YES_AGGRESSIVE;
				CLANG_CXX_LANGUAGE_STANDARD = "gnu++14";
				CLANG_CXX_LIBRARY = "libc++";
				CLANG_ENABLE_MODULES = YES;
				CLANG_ENABLE_OBJC_ARC = YES;
				CLANG_WARN_BLOCK_CAPTURE_AUTORELEASING = YES;
				CLANG_WARN_BOOL_CONVERSION = YES;
				CLANG_WARN_COMMA = YES;
				CLANG_WARN_CONSTANT_CONVERSION = YES;
				CLANG_WARN_DIRECT_OBJC_ISA_USAGE = YES_ERROR;
				CLANG_WARN_DOCUMENTATION_COMMENTS = YES;
				CLANG_WARN_EMPTY_BODY = YES;
				CLANG_WARN_ENUM_CONVERSION = YES;
				CLANG_WARN_INFINITE_RECURSION = YES;
				CLANG_WARN_INT_CONVERSION = YES;
				CLANG_WARN_NON_LITERAL_NULL_CONVERSION = YES;
				CLANG_WARN_OBJC_LITERAL_CONVERSION = YES;
				CLANG_WARN_OBJC_ROOT_CLASS = YES_ERROR;
				CLANG_WARN_RANGE_LOOP_ANALYSIS = YES;
				CLANG_WARN_STRICT_PROTOTYPES = YES;
				CLANG_WARN_SUSPICIOUS_MOVE = YES;
				CLANG_WARN_UNGUARDED_AVAILABILITY = YES_AGGRESSIVE;
				CLANG_WARN_UNREACHABLE_CODE = YES;
				CLANG_WARN__DUPLICATE_METHOD_MATCH = YES;
				CODE_SIGN_IDENTITY = "iPhone Developer";
				COPY_PHASE_STRIP = NO;
				DEBUG_INFORMATION_FORMAT = "dwarf-with-dsym";
				ENABLE_NS_ASSERTIONS = NO;
				ENABLE_STRICT_OBJC_MSGSEND = YES;
				GCC_C_LANGUAGE_STANDARD = gnu11;
				GCC_NO_COMMON_BLOCKS = YES;
				GCC_WARN_64_TO_32_BIT_CONVERSION = YES;
				GCC_WARN_ABOUT_RETURN_TYPE = YES_ERROR;
				GCC_WARN_UNDECLARED_SELECTOR = YES;
				GCC_WARN_UNINITIALIZED_AUTOS = YES_AGGRESSIVE;
				GCC_WARN_UNUSED_FUNCTION = YES;
				GCC_WARN_UNUSED_VARIABLE = YES;
				IPHONEOS_DEPLOYMENT_TARGET = 11.1;
				MTL_ENABLE_DEBUG_INFO = NO;
				SDKROOT = iphoneos;
				SWIFT_OPTIMIZATION_LEVEL = "-Owholemodule";
				VALIDATE_PRODUCT = YES;
			};
			name = Release;
		};
		F5C9C8DB1FD46E7D009F7FB0 /* Debug */ = {
			isa = XCBuildConfiguration;
			buildSettings = {
				ASSETCATALOG_COMPILER_APPICON_NAME = AppIcon;
				CODE_SIGN_STYLE = Automatic;
				DEVELOPMENT_TEAM = Y2M3TGJYMN;
				INFOPLIST_FILE = firebasepushnotification/Info.plist;
				LD_RUNPATH_SEARCH_PATHS = "$(inherited) @executable_path/Frameworks";
				PRODUCT_BUNDLE_IDENTIFIER = com.neonatcore.firebasepushnotification;
				PRODUCT_NAME = "$(TARGET_NAME)";
				SWIFT_VERSION = 4.0;
				TARGETED_DEVICE_FAMILY = "1,2";
			};
			name = Debug;
		};
		F5C9C8DC1FD46E7D009F7FB0 /* Release */ = {
			isa = XCBuildConfiguration;
			buildSettings = {
				ASSETCATALOG_COMPILER_APPICON_NAME = AppIcon;
				CODE_SIGN_STYLE = Automatic;
				DEVELOPMENT_TEAM = Y2M3TGJYMN;
				INFOPLIST_FILE = firebasepushnotification/Info.plist;
				LD_RUNPATH_SEARCH_PATHS = "$(inherited) @executable_path/Frameworks";
				PRODUCT_BUNDLE_IDENTIFIER = com.neonatcore.firebasepushnotification;
				PRODUCT_NAME = "$(TARGET_NAME)";
				SWIFT_VERSION = 4.0;
				TARGETED_DEVICE_FAMILY = "1,2";
			};
			name = Release;
		};
		F5C9C8DE1FD46E7D009F7FB0 /* Debug */ = {
			isa = XCBuildConfiguration;
			buildSettings = {
				ALWAYS_EMBED_SWIFT_STANDARD_LIBRARIES = YES;
				BUNDLE_LOADER = "$(TEST_HOST)";
				CODE_SIGN_STYLE = Automatic;
				DEVELOPMENT_TEAM = Y2M3TGJYMN;
				INFOPLIST_FILE = firebasepushnotificationTests/Info.plist;
				LD_RUNPATH_SEARCH_PATHS = "$(inherited) @executable_path/Frameworks @loader_path/Frameworks";
				PRODUCT_BUNDLE_IDENTIFIER = com.neonatcore.firebasepushnotificationTests;
				PRODUCT_NAME = "$(TARGET_NAME)";
				SWIFT_VERSION = 4.0;
				TARGETED_DEVICE_FAMILY = "1,2";
				TEST_HOST = "$(BUILT_PRODUCTS_DIR)/firebasepushnotification.app/firebasepushnotification";
			};
			name = Debug;
		};
		F5C9C8DF1FD46E7D009F7FB0 /* Release */ = {
			isa = XCBuildConfiguration;
			buildSettings = {
				ALWAYS_EMBED_SWIFT_STANDARD_LIBRARIES = YES;
				BUNDLE_LOADER = "$(TEST_HOST)";
				CODE_SIGN_STYLE = Automatic;
				DEVELOPMENT_TEAM = Y2M3TGJYMN;
				INFOPLIST_FILE = firebasepushnotificationTests/Info.plist;
				LD_RUNPATH_SEARCH_PATHS = "$(inherited) @executable_path/Frameworks @loader_path/Frameworks";
				PRODUCT_BUNDLE_IDENTIFIER = com.neonatcore.firebasepushnotificationTests;
				PRODUCT_NAME = "$(TARGET_NAME)";
				SWIFT_VERSION = 4.0;
				TARGETED_DEVICE_FAMILY = "1,2";
				TEST_HOST = "$(BUILT_PRODUCTS_DIR)/firebasepushnotification.app/firebasepushnotification";
			};
			name = Release;
		};
/* End XCBuildConfiguration section */

/* Begin XCConfigurationList section */
		F5C9C8B81FD46E7D009F7FB0 /* Build configuration list for PBXProject "firebasepushnotification" */ = {
			isa = XCConfigurationList;
			buildConfigurations = (
				F5C9C8D81FD46E7D009F7FB0 /* Debug */,
				F5C9C8D91FD46E7D009F7FB0 /* Release */,
			);
			defaultConfigurationIsVisible = 0;
			defaultConfigurationName = Release;
		};
		F5C9C8DA1FD46E7D009F7FB0 /* Build configuration list for PBXNativeTarget "firebasepushnotification" */ = {
			isa = XCConfigurationList;
			buildConfigurations = (
				F5C9C8DB1FD46E7D009F7FB0 /* Debug */,
				F5C9C8DC1FD46E7D009F7FB0 /* Release */,
			);
			defaultConfigurationIsVisible = 0;
			defaultConfigurationName = Release;
		};
		F5C9C8DD1FD46E7D009F7FB0 /* Build configuration list for PBXNativeTarget "firebasepushnotificationTests" */ = {
			isa = XCConfigurationList;
			buildConfigurations = (
				F5C9C8DE1FD46E7D009F7FB0 /* Debug */,
				F5C9C8DF1FD46E7D009F7FB0 /* Release */,
			);
			defaultConfigurationIsVisible = 0;
			defaultConfigurationName = Release;
		};
/* End XCConfigurationList section */
	};
	rootObject = F5C9C8B51FD46E7D009F7FB0 /* Project object */;
}
